# This file is automatically @generated by Cargo.
# It is not intended for manual editing.
version = 4

[[package]]
name = "hds-core"
version = "0.0.0"

[[package]]
name = "hds-store"
version = "0.0.0"
dependencies = [
 "hds-core",
]

[[package]]
name = "hotdogstand"
version = "0.0.0"
dependencies = [
 "hds-core",
 "hds-store",
]
